
Microsoft Visual Studio Solution File, Format Version 12.00
# Visual Studio Version 17
VisualStudioVersion = 17.1.32228.430
MinimumVisualStudioVersion = 10.0.40219.1
Project("{FAE04EC0-301F-11D3-BF4B-00C04F79EFBC}") = "ConsoleApp4", "ConsoleApp4.csproj", "{4268DE7D-890A-42F0-BE0D-BBF5D8B93123}"
EndProject
Global
	GlobalSection(SolutionConfigurationPlatforms) = preSolution
		Debug|Any CPU = Debug|Any CPU
		Release|Any CPU = Release|Any CPU
	EndGlobalSection
	GlobalSection(ProjectConfigurationPlatforms) = postSolution
		{4268DE7D-890A-42F0-BE0D-BBF5D8B93123}.Debug|Any CPU.ActiveCfg = Debug|Any CPU
		{4268DE7D-890A-42F0-BE0D-BBF5D8B93123}.Debug|Any CPU.Build.0 = Debug|Any CPU
		{4268DE7D-890A-42F0-BE0D-BBF5D8B93123}.Release|Any CPU.ActiveCfg = Release|Any CPU
		{4268DE7D-890A-42F0-BE0D-BBF5D8B93123}.Release|Any CPU.Build.0 = Release|Any CPU
	EndGlobalSection
	GlobalSection(SolutionProperties) = preSolution
		HideSolutionNode = FALSE
	EndGlobalSection
	GlobalSection(ExtensibilityGlobals) = postSolution
		SolutionGuid = {FC9A937A-FC7E-4C8A-ABD1-94EA83BF1288}
	EndGlobalSection
EndGlobal
